// !$*UTF8*$!
{
	archiveVersion = 1;
	classes = {
	};
	objectVersion = 55;
	objects = {

/* Begin PBXBuildFile section */
		FF118F9428F855E2005B1DDE /* eec45fb2-6dc4-4210-a894-cf62530daf25.jpg in Resources */ = {isa = PBXBuildFile; fileRef = FF118F9328F855E2005B1DDE /* eec45fb2-6dc4-4210-a894-cf62530daf25.jpg */; };
		FF118F9628F855F4005B1DDE /* 79a0f7b2-2686-43d4-ac34-89565da0fa77.jpg in Resources */ = {isa = PBXBuildFile; fileRef = FF118F9528F855F4005B1DDE /* 79a0f7b2-2686-43d4-ac34-89565da0fa77.jpg */; };
		FF118FA228F857A0005B1DDE /* info(1).png in Resources */ = {isa = PBXBuildFile; fileRef = FF118F9F28F857A0005B1DDE /* info(1).png */; };
		FF118FA328F857A0005B1DDE /* trending-up(1).png in Resources */ = {isa = PBXBuildFile; fileRef = FF118FA028F857A0005B1DDE /* trending-up(1).png */; };
		FF118FA428F857A0005B1DDE /* award(1).png in Resources */ = {isa = PBXBuildFile; fileRef = FF118FA128F857A0005B1DDE /* award(1).png */; };
		FF118FA628F8582C005B1DDE /* vs-icon.png in Resources */ = {isa = PBXBuildFile; fileRef = FF118FA528F8582C005B1DDE /* vs-icon.png */; };
		FF118FA828F866BB005B1DDE /* github.png in Resources */ = {isa = PBXBuildFile; fileRef = FF118FA728F866BB005B1DDE /* github.png */; };
		FF118FAA28F866DA005B1DDE /* linkedin.png in Resources */ = {isa = PBXBuildFile; fileRef = FF118FA928F866DA005B1DDE /* linkedin.png */; };
		FF118FAC28F88942005B1DDE /* LocationDetailViewController.swift in Sources */ = {isa = PBXBuildFile; fileRef = FF118FAB28F88942005B1DDE /* LocationDetailViewController.swift */; };
		FF1A6DE328E3BC4D009BAC60 /* HomeViewController.swift in Sources */ = {isa = PBXBuildFile; fileRef = FF1A6DE228E3BC4D009BAC60 /* HomeViewController.swift */; };
		FF76B55228F84EB4009AF94F /* APIConstants.swift in Sources */ = {isa = PBXBuildFile; fileRef = FF76B55128F84EB4009AF94F /* APIConstants.swift */; };
		FF84D40B28ECFB6200DED2F9 /* BottomCardVoteView.xib in Resources */ = {isa = PBXBuildFile; fileRef = FF84D40A28ECFB6200DED2F9 /* BottomCardVoteView.xib */; };
		FF84D40D28ECFCC800DED2F9 /* BottomCardVoteView.swift in Sources */ = {isa = PBXBuildFile; fileRef = FF84D40C28ECFCC800DED2F9 /* BottomCardVoteView.swift */; };
		FFA20F9A28EEB16700720F04 /* APIMatchRepositoryImpl.swift in Sources */ = {isa = PBXBuildFile; fileRef = FFA20F9928EEB16700720F04 /* APIMatchRepositoryImpl.swift */; };
		FFD76CFD28ECE66700731445 /* TopCardVoteView.xib in Resources */ = {isa = PBXBuildFile; fileRef = FFD76CFC28ECE66700731445 /* TopCardVoteView.xib */; };
		FFD76CFF28ECE6F600731445 /* TopCardVoteView.swift in Sources */ = {isa = PBXBuildFile; fileRef = FFD76CFE28ECE6F600731445 /* TopCardVoteView.swift */; };
		FFDCF90228E34C3600BDDDF3 /* AppDelegate.swift in Sources */ = {isa = PBXBuildFile; fileRef = FFDCF90128E34C3600BDDDF3 /* AppDelegate.swift */; };
		FFDCF90428E34C3600BDDDF3 /* SceneDelegate.swift in Sources */ = {isa = PBXBuildFile; fileRef = FFDCF90328E34C3600BDDDF3 /* SceneDelegate.swift */; };
		FFDCF90628E34C3600BDDDF3 /* ViewController.swift in Sources */ = {isa = PBXBuildFile; fileRef = FFDCF90528E34C3600BDDDF3 /* ViewController.swift */; };
		FFDCF90928E34C3600BDDDF3 /* Main.storyboard in Resources */ = {isa = PBXBuildFile; fileRef = FFDCF90728E34C3600BDDDF3 /* Main.storyboard */; };
		FFDCF90C28E34C3600BDDDF3 /* CBR.xcdatamodeld in Sources */ = {isa = PBXBuildFile; fileRef = FFDCF90A28E34C3600BDDDF3 /* CBR.xcdatamodeld */; };
		FFDCF90E28E34C3800BDDDF3 /* Assets.xcassets in Resources */ = {isa = PBXBuildFile; fileRef = FFDCF90D28E34C3800BDDDF3 /* Assets.xcassets */; };
		FFDCF91128E34C3800BDDDF3 /* LaunchScreen.storyboard in Resources */ = {isa = PBXBuildFile; fileRef = FFDCF90F28E34C3800BDDDF3 /* LaunchScreen.storyboard */; };
		FFF0736128ECA0B800A0C3E3 /* VoteViewController.swift in Sources */ = {isa = PBXBuildFile; fileRef = FFF0736028ECA0B800A0C3E3 /* VoteViewController.swift */; };
		FFF0736328ECA0C100A0C3E3 /* RankingsViewController.swift in Sources */ = {isa = PBXBuildFile; fileRef = FFF0736228ECA0C100A0C3E3 /* RankingsViewController.swift */; };
		FFF0736728ECB18D00A0C3E3 /* ContainerViewController.swift in Sources */ = {isa = PBXBuildFile; fileRef = FFF0736628ECB18D00A0C3E3 /* ContainerViewController.swift */; };
		FFFA144928ED2BEF00ED8140 /* CardVoteDelegate.swift in Sources */ = {isa = PBXBuildFile; fileRef = FFFA144828ED2BEF00ED8140 /* CardVoteDelegate.swift */; };
		FFFA144B28ED32D600ED8140 /* MatchRepository.swift in Sources */ = {isa = PBXBuildFile; fileRef = FFFA144A28ED32D600ED8140 /* MatchRepository.swift */; };
		FFFA145028ED334600ED8140 /* Location.swift in Sources */ = {isa = PBXBuildFile; fileRef = FFFA144F28ED334600ED8140 /* Location.swift */; };
		FFFA145228ED34AF00ED8140 /* Match.swift in Sources */ = {isa = PBXBuildFile; fileRef = FFFA145128ED34AF00ED8140 /* Match.swift */; };
		FFFA145428ED350300ED8140 /* MatchResult.swift in Sources */ = {isa = PBXBuildFile; fileRef = FFFA145328ED350300ED8140 /* MatchResult.swift */; };
		FFFA145628ED367800ED8140 /* TestMatchRepositoryImpl.swift in Sources */ = {isa = PBXBuildFile; fileRef = FFFA145528ED367800ED8140 /* TestMatchRepositoryImpl.swift */; };
		FFFA145A28EE9DDB00ED8140 /* VoteViewModel.swift in Sources */ = {isa = PBXBuildFile; fileRef = FFFA145928EE9DDB00ED8140 /* VoteViewModel.swift */; };
		FFFA145C28EEAD9800ED8140 /* MatchViewDelegate.swift in Sources */ = {isa = PBXBuildFile; fileRef = FFFA145B28EEAD9800ED8140 /* MatchViewDelegate.swift */; };
		FFFF08C528F7B57900BA9241 /* RankingsViewModel.swift in Sources */ = {isa = PBXBuildFile; fileRef = FFFF08C428F7B57900BA9241 /* RankingsViewModel.swift */; };
		FFFF08CA28F7B61100BA9241 /* RankingRepository.swift in Sources */ = {isa = PBXBuildFile; fileRef = FFFF08C928F7B61100BA9241 /* RankingRepository.swift */; };
		FFFF08CC28F7B64100BA9241 /* Ranking.swift in Sources */ = {isa = PBXBuildFile; fileRef = FFFF08CB28F7B64100BA9241 /* Ranking.swift */; };
		FFFF08CE28F7B73800BA9241 /* RankingsViewDelegate.swift in Sources */ = {isa = PBXBuildFile; fileRef = FFFF08CD28F7B73800BA9241 /* RankingsViewDelegate.swift */; };
		FFFF08D028F7B90F00BA9241 /* TestRankingsRepositoryImpl.swift in Sources */ = {isa = PBXBuildFile; fileRef = FFFF08CF28F7B90F00BA9241 /* TestRankingsRepositoryImpl.swift */; };
		FFFF08D228F7BF0800BA9241 /* APIRankingRepositoryImpl.swift in Sources */ = {isa = PBXBuildFile; fileRef = FFFF08D128F7BF0800BA9241 /* APIRankingRepositoryImpl.swift */; };
		FFFF08D528F7D30C00BA9241 /* MoreViewController.swift in Sources */ = {isa = PBXBuildFile; fileRef = FFFF08D428F7D30C00BA9241 /* MoreViewController.swift */; };
/* End PBXBuildFile section */

/* Begin PBXFileReference section */
		FF118F9328F855E2005B1DDE /* eec45fb2-6dc4-4210-a894-cf62530daf25.jpg */ = {isa = PBXFileReference; lastKnownFileType = image.jpeg; path = "eec45fb2-6dc4-4210-a894-cf62530daf25.jpg"; sourceTree = "<group>"; };
		FF118F9528F855F4005B1DDE /* 79a0f7b2-2686-43d4-ac34-89565da0fa77.jpg */ = {isa = PBXFileReference; lastKnownFileType = image.jpeg; path = "79a0f7b2-2686-43d4-ac34-89565da0fa77.jpg"; sourceTree = "<group>"; };
		FF118F9F28F857A0005B1DDE /* info(1).png */ = {isa = PBXFileReference; lastKnownFileType = image.png; path = "info(1).png"; sourceTree = "<group>"; };
		FF118FA028F857A0005B1DDE /* trending-up(1).png */ = {isa = PBXFileReference; lastKnownFileType = image.png; path = "trending-up(1).png"; sourceTree = "<group>"; };
		FF118FA128F857A0005B1DDE /* award(1).png */ = {isa = PBXFileReference; lastKnownFileType = image.png; path = "award(1).png"; sourceTree = "<group>"; };
		FF118FA528F8582C005B1DDE /* vs-icon.png */ = {isa = PBXFileReference; lastKnownFileType = image.png; path = "vs-icon.png"; sourceTree = "<group>"; };
		FF118FA728F866BB005B1DDE /* github.png */ = {isa = PBXFileReference; lastKnownFileType = image.png; path = github.png; sourceTree = "<group>"; };
		FF118FA928F866DA005B1DDE /* linkedin.png */ = {isa = PBXFileReference; lastKnownFileType = image.png; path = linkedin.png; sourceTree = "<group>"; };
		FF118FAB28F88942005B1DDE /* LocationDetailViewController.swift */ = {isa = PBXFileReference; lastKnownFileType = sourcecode.swift; path = LocationDetailViewController.swift; sourceTree = "<group>"; };
		FF1A6DE228E3BC4D009BAC60 /* HomeViewController.swift */ = {isa = PBXFileReference; lastKnownFileType = sourcecode.swift; path = HomeViewController.swift; sourceTree = "<group>"; };
		FF76B55128F84EB4009AF94F /* APIConstants.swift */ = {isa = PBXFileReference; lastKnownFileType = sourcecode.swift; path = APIConstants.swift; sourceTree = "<group>"; };
		FF84D40A28ECFB6200DED2F9 /* BottomCardVoteView.xib */ = {isa = PBXFileReference; lastKnownFileType = file.xib; path = BottomCardVoteView.xib; sourceTree = "<group>"; };
		FF84D40C28ECFCC800DED2F9 /* BottomCardVoteView.swift */ = {isa = PBXFileReference; lastKnownFileType = sourcecode.swift; path = BottomCardVoteView.swift; sourceTree = "<group>"; };
		FFA20F9928EEB16700720F04 /* APIMatchRepositoryImpl.swift */ = {isa = PBXFileReference; lastKnownFileType = sourcecode.swift; path = APIMatchRepositoryImpl.swift; sourceTree = "<group>"; };
		FFD76CFC28ECE66700731445 /* TopCardVoteView.xib */ = {isa = PBXFileReference; lastKnownFileType = file.xib; path = TopCardVoteView.xib; sourceTree = "<group>"; };
		FFD76CFE28ECE6F600731445 /* TopCardVoteView.swift */ = {isa = PBXFileReference; lastKnownFileType = sourcecode.swift; path = TopCardVoteView.swift; sourceTree = "<group>"; };
		FFDCF8FE28E34C3600BDDDF3 /* CBR.app */ = {isa = PBXFileReference; explicitFileType = wrapper.application; includeInIndex = 0; path = CBR.app; sourceTree = BUILT_PRODUCTS_DIR; };
		FFDCF90128E34C3600BDDDF3 /* AppDelegate.swift */ = {isa = PBXFileReference; lastKnownFileType = sourcecode.swift; path = AppDelegate.swift; sourceTree = "<group>"; };
		FFDCF90328E34C3600BDDDF3 /* SceneDelegate.swift */ = {isa = PBXFileReference; lastKnownFileType = sourcecode.swift; path = SceneDelegate.swift; sourceTree = "<group>"; };
		FFDCF90528E34C3600BDDDF3 /* ViewController.swift */ = {isa = PBXFileReference; lastKnownFileType = sourcecode.swift; path = ViewController.swift; sourceTree = "<group>"; };
		FFDCF90828E34C3600BDDDF3 /* Base */ = {isa = PBXFileReference; lastKnownFileType = file.storyboard; name = Base; path = Base.lproj/Main.storyboard; sourceTree = "<group>"; };
		FFDCF90B28E34C3600BDDDF3 /* CBR.xcdatamodel */ = {isa = PBXFileReference; lastKnownFileType = wrapper.xcdatamodel; path = CBR.xcdatamodel; sourceTree = "<group>"; };
		FFDCF90D28E34C3800BDDDF3 /* Assets.xcassets */ = {isa = PBXFileReference; lastKnownFileType = folder.assetcatalog; path = Assets.xcassets; sourceTree = "<group>"; };
		FFDCF91028E34C3800BDDDF3 /* Base */ = {isa = PBXFileReference; lastKnownFileType = file.storyboard; name = Base; path = Base.lproj/LaunchScreen.storyboard; sourceTree = "<group>"; };
		FFDCF91228E34C3800BDDDF3 /* Info.plist */ = {isa = PBXFileReference; lastKnownFileType = text.plist.xml; path = Info.plist; sourceTree = "<group>"; };
		FFF0736028ECA0B800A0C3E3 /* VoteViewController.swift */ = {isa = PBXFileReference; lastKnownFileType = sourcecode.swift; path = VoteViewController.swift; sourceTree = "<group>"; };
		FFF0736228ECA0C100A0C3E3 /* RankingsViewController.swift */ = {isa = PBXFileReference; lastKnownFileType = sourcecode.swift; path = RankingsViewController.swift; sourceTree = "<group>"; };
		FFF0736628ECB18D00A0C3E3 /* ContainerViewController.swift */ = {isa = PBXFileReference; lastKnownFileType = sourcecode.swift; path = ContainerViewController.swift; sourceTree = "<group>"; };
		FFFA144828ED2BEF00ED8140 /* CardVoteDelegate.swift */ = {isa = PBXFileReference; lastKnownFileType = sourcecode.swift; path = CardVoteDelegate.swift; sourceTree = "<group>"; };
		FFFA144A28ED32D600ED8140 /* MatchRepository.swift */ = {isa = PBXFileReference; lastKnownFileType = sourcecode.swift; path = MatchRepository.swift; sourceTree = "<group>"; };
		FFFA144F28ED334600ED8140 /* Location.swift */ = {isa = PBXFileReference; lastKnownFileType = sourcecode.swift; path = Location.swift; sourceTree = "<group>"; };
		FFFA145128ED34AF00ED8140 /* Match.swift */ = {isa = PBXFileReference; lastKnownFileType = sourcecode.swift; path = Match.swift; sourceTree = "<group>"; };
		FFFA145328ED350300ED8140 /* MatchResult.swift */ = {isa = PBXFileReference; lastKnownFileType = sourcecode.swift; path = MatchResult.swift; sourceTree = "<group>"; };
		FFFA145528ED367800ED8140 /* TestMatchRepositoryImpl.swift */ = {isa = PBXFileReference; lastKnownFileType = sourcecode.swift; path = TestMatchRepositoryImpl.swift; sourceTree = "<group>"; };
		FFFA145928EE9DDB00ED8140 /* VoteViewModel.swift */ = {isa = PBXFileReference; lastKnownFileType = sourcecode.swift; path = VoteViewModel.swift; sourceTree = "<group>"; };
		FFFA145B28EEAD9800ED8140 /* MatchViewDelegate.swift */ = {isa = PBXFileReference; lastKnownFileType = sourcecode.swift; path = MatchViewDelegate.swift; sourceTree = "<group>"; };
		FFFF08C428F7B57900BA9241 /* RankingsViewModel.swift */ = {isa = PBXFileReference; lastKnownFileType = sourcecode.swift; path = RankingsViewModel.swift; sourceTree = "<group>"; };
		FFFF08C928F7B61100BA9241 /* RankingRepository.swift */ = {isa = PBXFileReference; lastKnownFileType = sourcecode.swift; path = RankingRepository.swift; sourceTree = "<group>"; };
		FFFF08CB28F7B64100BA9241 /* Ranking.swift */ = {isa = PBXFileReference; lastKnownFileType = sourcecode.swift; path = Ranking.swift; sourceTree = "<group>"; };
		FFFF08CD28F7B73800BA9241 /* RankingsViewDelegate.swift */ = {isa = PBXFileReference; lastKnownFileType = sourcecode.swift; path = RankingsViewDelegate.swift; sourceTree = "<group>"; };
		FFFF08CF28F7B90F00BA9241 /* TestRankingsRepositoryImpl.swift */ = {isa = PBXFileReference; lastKnownFileType = sourcecode.swift; path = TestRankingsRepositoryImpl.swift; sourceTree = "<group>"; };
		FFFF08D128F7BF0800BA9241 /* APIRankingRepositoryImpl.swift */ = {isa = PBXFileReference; lastKnownFileType = sourcecode.swift; path = APIRankingRepositoryImpl.swift; sourceTree = "<group>"; };
		FFFF08D428F7D30C00BA9241 /* MoreViewController.swift */ = {isa = PBXFileReference; lastKnownFileType = sourcecode.swift; path = MoreViewController.swift; sourceTree = "<group>"; };
/* End PBXFileReference section */

/* Begin PBXFrameworksBuildPhase section */
		FFDCF8FB28E34C3600BDDDF3 /* Frameworks */ = {
			isa = PBXFrameworksBuildPhase;
			buildActionMask = 2147483647;
			files = (
			);
			runOnlyForDeploymentPostprocessing = 0;
		};
/* End PBXFrameworksBuildPhase section */

/* Begin PBXGroup section */
		FF118F9228F855CF005B1DDE /* Asset */ = {
			isa = PBXGroup;
			children = (
				FF118F9828F8571A005B1DDE /* Icon */,
				FF118F9728F85712005B1DDE /* Sample */,
			);
			path = Asset;
			sourceTree = "<group>";
		};
		FF118F9728F85712005B1DDE /* Sample */ = {
			isa = PBXGroup;
			children = (
				FF118F9328F855E2005B1DDE /* eec45fb2-6dc4-4210-a894-cf62530daf25.jpg */,
				FF118F9528F855F4005B1DDE /* 79a0f7b2-2686-43d4-ac34-89565da0fa77.jpg */,
			);
			path = Sample;
			sourceTree = "<group>";
		};
		FF118F9828F8571A005B1DDE /* Icon */ = {
			isa = PBXGroup;
			children = (
				FF118FA128F857A0005B1DDE /* award(1).png */,
				FF118F9F28F857A0005B1DDE /* info(1).png */,
				FF118FA928F866DA005B1DDE /* linkedin.png */,
				FF118FA728F866BB005B1DDE /* github.png */,
				FF118FA028F857A0005B1DDE /* trending-up(1).png */,
				FF118FA528F8582C005B1DDE /* vs-icon.png */,
			);
			path = Icon;
			sourceTree = "<group>";
		};
		FFD76CEF28ECE41200731445 /* Controller */ = {
			isa = PBXGroup;
			children = (
				FFDCF90528E34C3600BDDDF3 /* ViewController.swift */,
				FF1A6DE228E3BC4D009BAC60 /* HomeViewController.swift */,
				FFF0736028ECA0B800A0C3E3 /* VoteViewController.swift */,
				FFF0736228ECA0C100A0C3E3 /* RankingsViewController.swift */,
				FFF0736628ECB18D00A0C3E3 /* ContainerViewController.swift */,
				FFFF08D428F7D30C00BA9241 /* MoreViewController.swift */,
				FF118FAB28F88942005B1DDE /* LocationDetailViewController.swift */,
			);
			path = Controller;
			sourceTree = "<group>";
		};
		FFD76CF028ECE42300731445 /* Model */ = {
			isa = PBXGroup;
			children = (
				FFFA145728EE9BE200ED8140 /* ViewModel */,
				FFFA144E28ED333400ED8140 /* Entity */,
				FFFA144D28ED331E00ED8140 /* Delegate */,
				FFFA144C28ED331200ED8140 /* Repository */,
			);
			path = Model;
			sourceTree = "<group>";
		};
		FFD76CF128ECE42900731445 /* View */ = {
			isa = PBXGroup;
			children = (
				FFDCF90F28E34C3800BDDDF3 /* LaunchScreen.storyboard */,
				FFDCF90728E34C3600BDDDF3 /* Main.storyboard */,
				FFD76CFC28ECE66700731445 /* TopCardVoteView.xib */,
				FF84D40A28ECFB6200DED2F9 /* BottomCardVoteView.xib */,
				FFD76CFE28ECE6F600731445 /* TopCardVoteView.swift */,
				FF84D40C28ECFCC800DED2F9 /* BottomCardVoteView.swift */,
			);
			path = View;
			sourceTree = "<group>";
		};
		FFDCF8F528E34C3600BDDDF3 = {
			isa = PBXGroup;
			children = (
				FFDCF90028E34C3600BDDDF3 /* CBR */,
				FFDCF8FF28E34C3600BDDDF3 /* Products */,
			);
			sourceTree = "<group>";
		};
		FFDCF8FF28E34C3600BDDDF3 /* Products */ = {
			isa = PBXGroup;
			children = (
				FFDCF8FE28E34C3600BDDDF3 /* CBR.app */,
			);
			name = Products;
			sourceTree = "<group>";
		};
		FFDCF90028E34C3600BDDDF3 /* CBR */ = {
			isa = PBXGroup;
			children = (
				FF118F9228F855CF005B1DDE /* Asset */,
				FFD76CF128ECE42900731445 /* View */,
				FFD76CF028ECE42300731445 /* Model */,
				FFD76CEF28ECE41200731445 /* Controller */,
				FFDCF90128E34C3600BDDDF3 /* AppDelegate.swift */,
				FFDCF90328E34C3600BDDDF3 /* SceneDelegate.swift */,
				FFDCF90D28E34C3800BDDDF3 /* Assets.xcassets */,
				FFDCF91228E34C3800BDDDF3 /* Info.plist */,
				FFDCF90A28E34C3600BDDDF3 /* CBR.xcdatamodeld */,
			);
			path = CBR;
			sourceTree = "<group>";
		};
		FFFA144C28ED331200ED8140 /* Repository */ = {
			isa = PBXGroup;
			children = (
				FFFF08C828F7B60300BA9241 /* Ranking */,
				FFFF08C728F7B5F400BA9241 /* Match */,
				FF76B55128F84EB4009AF94F /* APIConstants.swift */,
			);
			path = Repository;
			sourceTree = "<group>";
		};
		FFFA144D28ED331E00ED8140 /* Delegate */ = {
			isa = PBXGroup;
			children = (
				FFFA144828ED2BEF00ED8140 /* CardVoteDelegate.swift */,
				FFFA145B28EEAD9800ED8140 /* MatchViewDelegate.swift */,
				FFFF08CD28F7B73800BA9241 /* RankingsViewDelegate.swift */,
			);
			path = Delegate;
			sourceTree = "<group>";
		};
		FFFA144E28ED333400ED8140 /* Entity */ = {
			isa = PBXGroup;
			children = (
				FFFA144F28ED334600ED8140 /* Location.swift */,
				FFFA145128ED34AF00ED8140 /* Match.swift */,
				FFFA145328ED350300ED8140 /* MatchResult.swift */,
				FFFF08CB28F7B64100BA9241 /* Ranking.swift */,
			);
			path = Entity;
			sourceTree = "<group>";
		};
		FFFA145728EE9BE200ED8140 /* ViewModel */ = {
			isa = PBXGroup;
			children = (
				FFFA145928EE9DDB00ED8140 /* VoteViewModel.swift */,
				FFFF08C428F7B57900BA9241 /* RankingsViewModel.swift */,
			);
			path = ViewModel;
			sourceTree = "<group>";
		};
		FFFF08C728F7B5F400BA9241 /* Match */ = {
			isa = PBXGroup;
			children = (
				FFFA144A28ED32D600ED8140 /* MatchRepository.swift */,
				FFFA145528ED367800ED8140 /* TestMatchRepositoryImpl.swift */,
				FFA20F9928EEB16700720F04 /* APIMatchRepositoryImpl.swift */,
			);
			path = Match;
			sourceTree = "<group>";
		};
		FFFF08C828F7B60300BA9241 /* Ranking */ = {
			isa = PBXGroup;
			children = (
				FFFF08C928F7B61100BA9241 /* RankingRepository.swift */,
				FFFF08CF28F7B90F00BA9241 /* TestRankingsRepositoryImpl.swift */,
				FFFF08D128F7BF0800BA9241 /* APIRankingRepositoryImpl.swift */,
			);
			path = Ranking;
			sourceTree = "<group>";
		};
/* End PBXGroup section */

/* Begin PBXNativeTarget section */
		FFDCF8FD28E34C3600BDDDF3 /* CBR */ = {
			isa = PBXNativeTarget;
			buildConfigurationList = FFDCF91528E34C3800BDDDF3 /* Build configuration list for PBXNativeTarget "CBR" */;
			buildPhases = (
				FFDCF8FA28E34C3600BDDDF3 /* Sources */,
				FFDCF8FB28E34C3600BDDDF3 /* Frameworks */,
				FFDCF8FC28E34C3600BDDDF3 /* Resources */,
			);
			buildRules = (
			);
			dependencies = (
			);
			name = CBR;
			productName = CBR;
			productReference = FFDCF8FE28E34C3600BDDDF3 /* CBR.app */;
			productType = "com.apple.product-type.application";
		};
/* End PBXNativeTarget section */

/* Begin PBXProject section */
		FFDCF8F628E34C3600BDDDF3 /* Project object */ = {
			isa = PBXProject;
			attributes = {
				BuildIndependentTargetsInParallel = 1;
				LastSwiftUpdateCheck = 1340;
				LastUpgradeCheck = 1340;
				TargetAttributes = {
					FFDCF8FD28E34C3600BDDDF3 = {
						CreatedOnToolsVersion = 13.4.1;
					};
				};
			};
			buildConfigurationList = FFDCF8F928E34C3600BDDDF3 /* Build configuration list for PBXProject "CBR" */;
			compatibilityVersion = "Xcode 13.0";
			developmentRegion = en;
			hasScannedForEncodings = 0;
			knownRegions = (
				en,
				Base,
			);
			mainGroup = FFDCF8F528E34C3600BDDDF3;
			productRefGroup = FFDCF8FF28E34C3600BDDDF3 /* Products */;
			projectDirPath = "";
			projectRoot = "";
			targets = (
				FFDCF8FD28E34C3600BDDDF3 /* CBR */,
			);
		};
/* End PBXProject section */

/* Begin PBXResourcesBuildPhase section */
		FFDCF8FC28E34C3600BDDDF3 /* Resources */ = {
			isa = PBXResourcesBuildPhase;
			buildActionMask = 2147483647;
			files = (
				FF118FA828F866BB005B1DDE /* github.png in Resources */,
				FF118F9428F855E2005B1DDE /* eec45fb2-6dc4-4210-a894-cf62530daf25.jpg in Resources */,
				FF84D40B28ECFB6200DED2F9 /* BottomCardVoteView.xib in Resources */,
				FFD76CFD28ECE66700731445 /* TopCardVoteView.xib in Resources */,
				FF118FA328F857A0005B1DDE /* trending-up(1).png in Resources */,
				FFDCF91128E34C3800BDDDF3 /* LaunchScreen.storyboard in Resources */,
				FF118FA228F857A0005B1DDE /* info(1).png in Resources */,
				FF118FA428F857A0005B1DDE /* award(1).png in Resources */,
				FF118FAA28F866DA005B1DDE /* linkedin.png in Resources */,
				FFDCF90E28E34C3800BDDDF3 /* Assets.xcassets in Resources */,
				FFDCF90928E34C3600BDDDF3 /* Main.storyboard in Resources */,
				FF118FA628F8582C005B1DDE /* vs-icon.png in Resources */,
				FF118F9628F855F4005B1DDE /* 79a0f7b2-2686-43d4-ac34-89565da0fa77.jpg in Resources */,
			);
			runOnlyForDeploymentPostprocessing = 0;
		};
/* End PBXResourcesBuildPhase section */

/* Begin PBXSourcesBuildPhase section */
		FFDCF8FA28E34C3600BDDDF3 /* Sources */ = {
			isa = PBXSourcesBuildPhase;
			buildActionMask = 2147483647;
			files = (
				FFFF08D228F7BF0800BA9241 /* APIRankingRepositoryImpl.swift in Sources */,
				FFFF08D528F7D30C00BA9241 /* MoreViewController.swift in Sources */,
				FFDCF90628E34C3600BDDDF3 /* ViewController.swift in Sources */,
				FFFF08CA28F7B61100BA9241 /* RankingRepository.swift in Sources */,
				FF84D40D28ECFCC800DED2F9 /* BottomCardVoteView.swift in Sources */,
				FFFA144928ED2BEF00ED8140 /* CardVoteDelegate.swift in Sources */,
				FFFF08D028F7B90F00BA9241 /* TestRankingsRepositoryImpl.swift in Sources */,
				FFFF08CC28F7B64100BA9241 /* Ranking.swift in Sources */,
				FFDCF90228E34C3600BDDDF3 /* AppDelegate.swift in Sources */,
				FFFA145428ED350300ED8140 /* MatchResult.swift in Sources */,
				FFFA145A28EE9DDB00ED8140 /* VoteViewModel.swift in Sources */,
				FFF0736728ECB18D00A0C3E3 /* ContainerViewController.swift in Sources */,
				FFF0736328ECA0C100A0C3E3 /* RankingsViewController.swift in Sources */,
				FFFA145628ED367800ED8140 /* TestMatchRepositoryImpl.swift in Sources */,
				FFFA145028ED334600ED8140 /* Location.swift in Sources */,
				FFDCF90428E34C3600BDDDF3 /* SceneDelegate.swift in Sources */,
				FF118FAC28F88942005B1DDE /* LocationDetailViewController.swift in Sources */,
				FFA20F9A28EEB16700720F04 /* APIMatchRepositoryImpl.swift in Sources */,
				FFFF08CE28F7B73800BA9241 /* RankingsViewDelegate.swift in Sources */,
				FF1A6DE328E3BC4D009BAC60 /* HomeViewController.swift in Sources */,
				FFDCF90C28E34C3600BDDDF3 /* CBR.xcdatamodeld in Sources */,
				FFFA144B28ED32D600ED8140 /* MatchRepository.swift in Sources */,
				FFFF08C528F7B57900BA9241 /* RankingsViewModel.swift in Sources */,
				FFF0736128ECA0B800A0C3E3 /* VoteViewController.swift in Sources */,
				FF76B55228F84EB4009AF94F /* APIConstants.swift in Sources */,
				FFFA145C28EEAD9800ED8140 /* MatchViewDelegate.swift in Sources */,
				FFD76CFF28ECE6F600731445 /* TopCardVoteView.swift in Sources */,
				FFFA145228ED34AF00ED8140 /* Match.swift in Sources */,
			);
			runOnlyForDeploymentPostprocessing = 0;
		};
/* End PBXSourcesBuildPhase section */

/* Begin PBXVariantGroup section */
		FFDCF90728E34C3600BDDDF3 /* Main.storyboard */ = {
			isa = PBXVariantGroup;
			children = (
				FFDCF90828E34C3600BDDDF3 /* Base */,
			);
			name = Main.storyboard;
			sourceTree = "<group>";
		};
		FFDCF90F28E34C3800BDDDF3 /* LaunchScreen.storyboard */ = {
			isa = PBXVariantGroup;
			children = (
				FFDCF91028E34C3800BDDDF3 /* Base */,
			);
			name = LaunchScreen.storyboard;
			sourceTree = "<group>";
		};
/* End PBXVariantGroup section */

/* Begin XCBuildConfiguration section */
		FFDCF91328E34C3800BDDDF3 /* Debug */ = {
			isa = XCBuildConfiguration;
			buildSettings = {
				ALWAYS_SEARCH_USER_PATHS = NO;
				CLANG_ANALYZER_NONNULL = YES;
				CLANG_ANALYZER_NUMBER_OBJECT_CONVERSION = YES_AGGRESSIVE;
				CLANG_CXX_LANGUAGE_STANDARD = "gnu++17";
				CLANG_ENABLE_MODULES = YES;
				CLANG_ENABLE_OBJC_ARC = YES;
				CLANG_ENABLE_OBJC_WEAK = YES;
				CLANG_WARN_BLOCK_CAPTURE_AUTORELEASING = YES;
				CLANG_WARN_BOOL_CONVERSION = YES;
				CLANG_WARN_COMMA = YES;
				CLANG_WARN_CONSTANT_CONVERSION = YES;
				CLANG_WARN_DEPRECATED_OBJC_IMPLEMENTATIONS = YES;
				CLANG_WARN_DIRECT_OBJC_ISA_USAGE = YES_ERROR;
				CLANG_WARN_DOCUMENTATION_COMMENTS = YES;
				CLANG_WARN_EMPTY_BODY = YES;
				CLANG_WARN_ENUM_CONVERSION = YES;
				CLANG_WARN_INFINITE_RECURSION = YES;
				CLANG_WARN_INT_CONVERSION = YES;
				CLANG_WARN_NON_LITERAL_NULL_CONVERSION = YES;
				CLANG_WARN_OBJC_IMPLICIT_RETAIN_SELF = YES;
				CLANG_WARN_OBJC_LITERAL_CONVERSION = YES;
				CLANG_WARN_OBJC_ROOT_CLASS = YES_ERROR;
				CLANG_WARN_QUOTED_INCLUDE_IN_FRAMEWORK_HEADER = YES;
				CLANG_WARN_RANGE_LOOP_ANALYSIS = YES;
				CLANG_WARN_STRICT_PROTOTYPES = YES;
				CLANG_WARN_SUSPICIOUS_MOVE = YES;
				CLANG_WARN_UNGUARDED_AVAILABILITY = YES_AGGRESSIVE;
				CLANG_WARN_UNREACHABLE_CODE = YES;
				CLANG_WARN__DUPLICATE_METHOD_MATCH = YES;
				COPY_PHASE_STRIP = NO;
				DEBUG_INFORMATION_FORMAT = dwarf;
				ENABLE_STRICT_OBJC_MSGSEND = YES;
				ENABLE_TESTABILITY = YES;
				GCC_C_LANGUAGE_STANDARD = gnu11;
				GCC_DYNAMIC_NO_PIC = NO;
				GCC_NO_COMMON_BLOCKS = YES;
				GCC_OPTIMIZATION_LEVEL = 0;
				GCC_PREPROCESSOR_DEFINITIONS = (
					"DEBUG=1",
					"$(inherited)",
				);
				GCC_WARN_64_TO_32_BIT_CONVERSION = YES;
				GCC_WARN_ABOUT_RETURN_TYPE = YES_ERROR;
				GCC_WARN_UNDECLARED_SELECTOR = YES;
				GCC_WARN_UNINITIALIZED_AUTOS = YES_AGGRESSIVE;
				GCC_WARN_UNUSED_FUNCTION = YES;
				GCC_WARN_UNUSED_VARIABLE = YES;
				IPHONEOS_DEPLOYMENT_TARGET = 15.5;
				MTL_ENABLE_DEBUG_INFO = INCLUDE_SOURCE;
				MTL_FAST_MATH = YES;
				ONLY_ACTIVE_ARCH = YES;
				SDKROOT = iphoneos;
				SWIFT_ACTIVE_COMPILATION_CONDITIONS = DEBUG;
				SWIFT_OPTIMIZATION_LEVEL = "-Onone";
			};
			name = Debug;
		};
		FFDCF91428E34C3800BDDDF3 /* Release */ = {
			isa = XCBuildConfiguration;
			buildSettings = {
				ALWAYS_SEARCH_USER_PATHS = NO;
				CLANG_ANALYZER_NONNULL = YES;
				CLANG_ANALYZER_NUMBER_OBJECT_CONVERSION = YES_AGGRESSIVE;
				CLANG_CXX_LANGUAGE_STANDARD = "gnu++17";
				CLANG_ENABLE_MODULES = YES;
				CLANG_ENABLE_OBJC_ARC = YES;
				CLANG_ENABLE_OBJC_WEAK = YES;
				CLANG_WARN_BLOCK_CAPTURE_AUTORELEASING = YES;
				CLANG_WARN_BOOL_CONVERSION = YES;
				CLANG_WARN_COMMA = YES;
				CLANG_WARN_CONSTANT_CONVERSION = YES;
				CLANG_WARN_DEPRECATED_OBJC_IMPLEMENTATIONS = YES;
				CLANG_WARN_DIRECT_OBJC_ISA_USAGE = YES_ERROR;
				CLANG_WARN_DOCUMENTATION_COMMENTS = YES;
				CLANG_WARN_EMPTY_BODY = YES;
				CLANG_WARN_ENUM_CONVERSION = YES;
				CLANG_WARN_INFINITE_RECURSION = YES;
				CLANG_WARN_INT_CONVERSION = YES;
				CLANG_WARN_NON_LITERAL_NULL_CONVERSION = YES;
				CLANG_WARN_OBJC_IMPLICIT_RETAIN_SELF = YES;
				CLANG_WARN_OBJC_LITERAL_CONVERSION = YES;
				CLANG_WARN_OBJC_ROOT_CLASS = YES_ERROR;
				CLANG_WARN_QUOTED_INCLUDE_IN_FRAMEWORK_HEADER = YES;
				CLANG_WARN_RANGE_LOOP_ANALYSIS = YES;
				CLANG_WARN_STRICT_PROTOTYPES = YES;
				CLANG_WARN_SUSPICIOUS_MOVE = YES;
				CLANG_WARN_UNGUARDED_AVAILABILITY = YES_AGGRESSIVE;
				CLANG_WARN_UNREACHABLE_CODE = YES;
				CLANG_WARN__DUPLICATE_METHOD_MATCH = YES;
				COPY_PHASE_STRIP = NO;
				DEBUG_INFORMATION_FORMAT = "dwarf-with-dsym";
				ENABLE_NS_ASSERTIONS = NO;
				ENABLE_STRICT_OBJC_MSGSEND = YES;
				GCC_C_LANGUAGE_STANDARD = gnu11;
				GCC_NO_COMMON_BLOCKS = YES;
				GCC_WARN_64_TO_32_BIT_CONVERSION = YES;
				GCC_WARN_ABOUT_RETURN_TYPE = YES_ERROR;
				GCC_WARN_UNDECLARED_SELECTOR = YES;
				GCC_WARN_UNINITIALIZED_AUTOS = YES_AGGRESSIVE;
				GCC_WARN_UNUSED_FUNCTION = YES;
				GCC_WARN_UNUSED_VARIABLE = YES;
				IPHONEOS_DEPLOYMENT_TARGET = 15.5;
				MTL_ENABLE_DEBUG_INFO = NO;
				MTL_FAST_MATH = YES;
				SDKROOT = iphoneos;
				SWIFT_COMPILATION_MODE = wholemodule;
				SWIFT_OPTIMIZATION_LEVEL = "-O";
				VALIDATE_PRODUCT = YES;
			};
			name = Release;
		};
		FFDCF91628E34C3800BDDDF3 /* Debug */ = {
			isa = XCBuildConfiguration;
			buildSettings = {
				ASSETCATALOG_COMPILER_APPICON_NAME = AppIcon;
				ASSETCATALOG_COMPILER_GLOBAL_ACCENT_COLOR_NAME = AccentColor;
				CODE_SIGN_STYLE = Automatic;
				CURRENT_PROJECT_VERSION = 1;
				DEVELOPMENT_TEAM = X8NUB4W97R;
				GENERATE_INFOPLIST_FILE = YES;
				INFOPLIST_FILE = CBR/Info.plist;
				INFOPLIST_KEY_UIApplicationSupportsIndirectInputEvents = YES;
				INFOPLIST_KEY_UILaunchStoryboardName = LaunchScreen;
				INFOPLIST_KEY_UIMainStoryboardFile = Main;
				INFOPLIST_KEY_UISupportedInterfaceOrientations_iPad = "UIInterfaceOrientationPortrait UIInterfaceOrientationPortraitUpsideDown UIInterfaceOrientationLandscapeLeft UIInterfaceOrientationLandscapeRight";
				INFOPLIST_KEY_UISupportedInterfaceOrientations_iPhone = "UIInterfaceOrientationPortrait UIInterfaceOrientationLandscapeLeft UIInterfaceOrientationLandscapeRight";
				LD_RUNPATH_SEARCH_PATHS = (
					"$(inherited)",
					"@executable_path/Frameworks",
				);
				MARKETING_VERSION = 1.0;
				PRODUCT_BUNDLE_IDENTIFIER = MicahMeadows.CBR;
				PRODUCT_NAME = "$(TARGET_NAME)";
				SWIFT_EMIT_LOC_STRINGS = YES;
				SWIFT_VERSION = 5.0;
				TARGETED_DEVICE_FAMILY = "1,2";
			};
			name = Debug;
		};
		FFDCF91728E34C3800BDDDF3 /* Release */ = {
			isa = XCBuildConfiguration;
			buildSettings = {
				ASSETCATALOG_COMPILER_APPICON_NAME = AppIcon;
				ASSETCATALOG_COMPILER_GLOBAL_ACCENT_COLOR_NAME = AccentColor;
				CODE_SIGN_STYLE = Automatic;
				CURRENT_PROJECT_VERSION = 1;
				DEVELOPMENT_TEAM = X8NUB4W97R;
				GENERATE_INFOPLIST_FILE = YES;
				INFOPLIST_FILE = CBR/Info.plist;
				INFOPLIST_KEY_UIApplicationSupportsIndirectInputEvents = YES;
				INFOPLIST_KEY_UILaunchStoryboardName = LaunchScreen;
				INFOPLIST_KEY_UIMainStoryboardFile = Main;
				INFOPLIST_KEY_UISupportedInterfaceOrientations_iPad = "UIInterfaceOrientationPortrait UIInterfaceOrientationPortraitUpsideDown UIInterfaceOrientationLandscapeLeft UIInterfaceOrientationLandscapeRight";
				INFOPLIST_KEY_UISupportedInterfaceOrientations_iPhone = "UIInterfaceOrientationPortrait UIInterfaceOrientationLandscapeLeft UIInterfaceOrientationLandscapeRight";
				LD_RUNPATH_SEARCH_PATHS = (
					"$(inherited)",
					"@executable_path/Frameworks",
				);
				MARKETING_VERSION = 1.0;
				PRODUCT_BUNDLE_IDENTIFIER = MicahMeadows.CBR;
				PRODUCT_NAME = "$(TARGET_NAME)";
				SWIFT_EMIT_LOC_STRINGS = YES;
				SWIFT_VERSION = 5.0;
				TARGETED_DEVICE_FAMILY = "1,2";
			};
			name = Release;
		};
/* End XCBuildConfiguration section */

/* Begin XCConfigurationList section */
		FFDCF8F928E34C3600BDDDF3 /* Build configuration list for PBXProject "CBR" */ = {
			isa = XCConfigurationList;
			buildConfigurations = (
				FFDCF91328E34C3800BDDDF3 /* Debug */,
				FFDCF91428E34C3800BDDDF3 /* Release */,
			);
			defaultConfigurationIsVisible = 0;
			defaultConfigurationName = Release;
		};
		FFDCF91528E34C3800BDDDF3 /* Build configuration list for PBXNativeTarget "CBR" */ = {
			isa = XCConfigurationList;
			buildConfigurations = (
				FFDCF91628E34C3800BDDDF3 /* Debug */,
				FFDCF91728E34C3800BDDDF3 /* Release */,
			);
			defaultConfigurationIsVisible = 0;
			defaultConfigurationName = Release;
		};
/* End XCConfigurationList section */

/* Begin XCVersionGroup section */
		FFDCF90A28E34C3600BDDDF3 /* CBR.xcdatamodeld */ = {
			isa = XCVersionGroup;
			children = (
				FFDCF90B28E34C3600BDDDF3 /* CBR.xcdatamodel */,
			);
			currentVersion = FFDCF90B28E34C3600BDDDF3 /* CBR.xcdatamodel */;
			path = CBR.xcdatamodeld;
			sourceTree = "<group>";
			versionGroupType = wrapper.xcdatamodel;
		};
/* End XCVersionGroup section */
	};
	rootObject = FFDCF8F628E34C3600BDDDF3 /* Project object */;
}
